
Microsoft Visual Studio Solution File, Format Version 12.00
# Visual Studio Version 16
VisualStudioVersion = 16.0.30413.136
MinimumVisualStudioVersion = 10.0.40219.1
Project("{2150E333-8FDC-42A3-9474-1A3956D46DE8}") = "TaskTypeLimits", "TaskTypeLimits", "{8658B3D7-E42D-45D9-84B7-3E269D7F02B6}"
EndProject
Project("{FAE04EC0-301F-11D3-BF4B-00C04F79EFBC}") = "TypeLimits", "TypeLimits\TypeLimits.csproj", "{39E0B146-B15A-4905-86A4-A2CE3B22D63F}"
EndProject
Project("{2150E333-8FDC-42A3-9474-1A3956D46DE8}") = "TaskNumberChecker", "TaskNumberChecker", "{9CF99E18-24E7-4F7C-A16F-32D38995EEE8}"
EndProject
Project("{FAE04EC0-301F-11D3-BF4B-00C04F79EFBC}") = "NumberChecker", "NumberChecker\NumberChecker.csproj", "{FE6AB7B3-B45D-4EEF-98D4-D2A45C111FE3}"
EndProject
Project("{2150E333-8FDC-42A3-9474-1A3956D46DE8}") = "TaskWaterOverflow", "TaskWaterOverflow", "{DC9BAF0D-C92E-4E3A-8A22-DE4E4A06AFB9}"
EndProject
Project("{FAE04EC0-301F-11D3-BF4B-00C04F79EFBC}") = "WaterOverflow", "WaterOverflow\WaterOverflow.csproj", "{1A1AA406-2AC6-4446-B874-94489D7361C0}"
EndProject
Project("{2150E333-8FDC-42A3-9474-1A3956D46DE8}") = "TaskTouristInformation", "TaskTouristInformation", "{72603C48-C9E9-4F80-9DAC-020C78F23A87}"
EndProject
Project("{FAE04EC0-301F-11D3-BF4B-00C04F79EFBC}") = "TouristInformation", "TouristInformation\TouristInformation.csproj", "{F9F8408E-298A-4FC0-B3C7-ECCE372B929E}"
EndProject
Project("{2150E333-8FDC-42A3-9474-1A3956D46DE8}") = "TaskWeatherForecast", "TaskWeatherForecast", "{8D103DB3-4482-45B9-9C47-318059CD7634}"
EndProject
Project("{FAE04EC0-301F-11D3-BF4B-00C04F79EFBC}") = "WeatherForecast", "WeatherForecast\WeatherForecast.csproj", "{CE4F8AC2-9C94-4C30-BB24-A54A22D3F2A2}"
EndProject
Project("{2150E333-8FDC-42A3-9474-1A3956D46DE8}") = "TaskCatchTheThief", "TaskCatchTheThief", "{6A4F4C1B-070B-477C-9F2C-4BC6C1DA5C22}"
EndProject
Project("{FAE04EC0-301F-11D3-BF4B-00C04F79EFBC}") = "CatchTheThief", "CatchTheThief\CatchTheThief.csproj", "{35124C88-0A0F-420C-83A1-3DBB2A7E29E6}"
EndProject
Project("{2150E333-8FDC-42A3-9474-1A3956D46DE8}") = "TaskSentenceTheThief", "TaskSentenceTheThief", "{580EFA7F-5514-4CD1-AD42-C4E22D5B5BCD}"
EndProject
Project("{FAE04EC0-301F-11D3-BF4B-00C04F79EFBC}") = "SentenceTheThief", "SentenceTheThief\SentenceTheThief.csproj", "{FA7E2DA9-25FF-40BD-B208-12E6F608334E}"
EndProject
Project("{2150E333-8FDC-42A3-9474-1A3956D46DE8}") = "TaskBuilder", "TaskBuilder", "{79198FE4-16BB-4DF9-B09A-BA3A26101283}"
EndProject
Project("{FAE04EC0-301F-11D3-BF4B-00C04F79EFBC}") = "Builder", "Builder\Builder.csproj", "{A8A0349E-0CFD-4067-A14B-9FCA62BFFCD1}"
EndProject
Project("{2150E333-8FDC-42A3-9474-1A3956D46DE8}") = "TaskMakeAWord", "TaskMakeAWord", "{3539848E-5141-493A-AFDC-212A25DC702F}"
EndProject
Project("{FAE04EC0-301F-11D3-BF4B-00C04F79EFBC}") = "MakeAWord", "MakeAWord\MakeAWord.csproj", "{B8015E2E-9553-44B1-9DF8-91C8F7B92011}"
EndProject
Project("{2150E333-8FDC-42A3-9474-1A3956D46DE8}") = "TaskSumOfChars", "TaskSumOfChars", "{1D3B8DC8-A4B3-4AF7-B92B-3D9DAF97C821}"
EndProject
Project("{FAE04EC0-301F-11D3-BF4B-00C04F79EFBC}") = "SumOfChars", "SumOfChars\SumOfChars.csproj", "{F68D6127-0111-40F1-B1DA-16FF68D46CF8}"
EndProject
Project("{2150E333-8FDC-42A3-9474-1A3956D46DE8}") = "TaskStringConcatenation", "TaskStringConcatenation", "{8D08043C-FCF9-450E-B265-F47C02DFF03A}"
EndProject
Project("{FAE04EC0-301F-11D3-BF4B-00C04F79EFBC}") = "StringConcatenation", "StringConcatenation\StringConcatenation.csproj", "{B813E8AC-DB7C-4052-89CE-DB1558712BD6}"
EndProject
Project("{2150E333-8FDC-42A3-9474-1A3956D46DE8}") = "TaskCola", "TaskCola", "{813A6DE4-06B9-4B5A-8591-F555A5CB86DB}"
EndProject
Project("{FAE04EC0-301F-11D3-BF4B-00C04F79EFBC}") = "Cola", "Cola\Cola.csproj", "{EF0FC722-73CF-4EBB-825D-192A64A2ABE1}"
EndProject
Project("{2150E333-8FDC-42A3-9474-1A3956D46DE8}") = "TaskDecryptingMessages", "TaskDecryptingMessages", "{69D0E0BC-29CF-490D-B80E-D613BF85C983}"
EndProject
Project("{FAE04EC0-301F-11D3-BF4B-00C04F79EFBC}") = "DecryptingMessages", "DecryptingMessages\DecryptingMessages.csproj", "{3A13327C-599B-411D-B223-A21718EB4A32}"
EndProject
Project("{2150E333-8FDC-42A3-9474-1A3956D46DE8}") = "TaskBoatSimulator", "TaskBoatSimulator", "{95D74D67-DFAF-491B-A827-3194DBC9E168}"
EndProject
Project("{FAE04EC0-301F-11D3-BF4B-00C04F79EFBC}") = "BoatSimulator", "BoatSimulator\BoatSimulator.csproj", "{2C7CB3A7-5E06-4533-B018-59C95AE69234}"
EndProject
Project("{2150E333-8FDC-42A3-9474-1A3956D46DE8}") = "TaskCenturiesToNanoseconds", "TaskCenturiesToNanoseconds", "{E45D5739-608D-41C3-98EA-034C6B826A97}"
EndProject
Project("{FAE04EC0-301F-11D3-BF4B-00C04F79EFBC}") = "CenturiesToNanoseconds", "CenturiesToNanoseconds\CenturiesToNanoseconds.csproj", "{A9BB3A6C-C0F9-4840-8EAD-34DAAFC32DA0}"
EndProject
Project("{2150E333-8FDC-42A3-9474-1A3956D46DE8}") = "TaskVowelOrDigit", "TaskVowelOrDigit", "{606D3545-462F-4FC8-B49A-545408E98D2A}"
EndProject
Project("{FAE04EC0-301F-11D3-BF4B-00C04F79EFBC}") = "VowelOrDigit", "VowelOrDigit\VowelOrDigit.csproj", "{B49B3481-E46A-4D85-A013-B1B2805FB3AD}"
EndProject
Project("{2150E333-8FDC-42A3-9474-1A3956D46DE8}") = "TaskRefactorCheckPrimeNumber", "TaskRefactorCheckPrimeNumber", "{401667FE-18A3-4D1A-8EA6-53ACD1F7C417}"
EndProject
Project("{FAE04EC0-301F-11D3-BF4B-00C04F79EFBC}") = "RefactorCheckPrimeNumber", "RefactorCheckPrimeNumber\RefactorCheckPrimeNumber.csproj", "{2DDD9074-7676-4B24-96F3-7FB298820ED9}"
EndProject
Project("{2150E333-8FDC-42A3-9474-1A3956D46DE8}") = "TaskComparingfloats", "TaskComparingfloats", "{94EBB520-C53C-46A4-A6FE-66E3FF2197AF}"
EndProject
Project("{FAE04EC0-301F-11D3-BF4B-00C04F79EFBC}") = "ComparingFloats", "ComparingFloats\ComparingFloats.csproj", "{ED540786-56B2-4DBA-928C-CD3BBFC247E7}"
EndProject
Project("{2150E333-8FDC-42A3-9474-1A3956D46DE8}") = "TaskPrintPartOfASCIITable", "TaskPrintPartOfASCIITable", "{D1260886-6E12-4FE2-A368-06BFC78C5002}"
EndProject
Project("{FAE04EC0-301F-11D3-BF4B-00C04F79EFBC}") = "PrintPartOfASCIITable", "PrintPartOfASCIITable\PrintPartOfASCIITable.csproj", "{B0176B96-03D6-4197-A725-87E2E50AD7BB}"
EndProject
Project("{2150E333-8FDC-42A3-9474-1A3956D46DE8}") = "TaskDifferentIntegersSize", "TaskDifferentIntegersSize", "{A928FBCC-CD0C-4F78-AD74-CD22D46446AF}"
EndProject
Project("{FAE04EC0-301F-11D3-BF4B-00C04F79EFBC}") = "DifferentIntegersSize", "DifferentIntegersSize\DifferentIntegersSize.csproj", "{4F037DDA-816F-471C-9824-B93AAAE9433C}"
EndProject
Global
	GlobalSection(SolutionConfigurationPlatforms) = preSolution
		Debug|Any CPU = Debug|Any CPU
		Release|Any CPU = Release|Any CPU
	EndGlobalSection
	GlobalSection(ProjectConfigurationPlatforms) = postSolution
		{39E0B146-B15A-4905-86A4-A2CE3B22D63F}.Debug|Any CPU.ActiveCfg = Debug|Any CPU
		{39E0B146-B15A-4905-86A4-A2CE3B22D63F}.Debug|Any CPU.Build.0 = Debug|Any CPU
		{39E0B146-B15A-4905-86A4-A2CE3B22D63F}.Release|Any CPU.ActiveCfg = Release|Any CPU
		{39E0B146-B15A-4905-86A4-A2CE3B22D63F}.Release|Any CPU.Build.0 = Release|Any CPU
		{FE6AB7B3-B45D-4EEF-98D4-D2A45C111FE3}.Debug|Any CPU.ActiveCfg = Debug|Any CPU
		{FE6AB7B3-B45D-4EEF-98D4-D2A45C111FE3}.Debug|Any CPU.Build.0 = Debug|Any CPU
		{FE6AB7B3-B45D-4EEF-98D4-D2A45C111FE3}.Release|Any CPU.ActiveCfg = Release|Any CPU
		{FE6AB7B3-B45D-4EEF-98D4-D2A45C111FE3}.Release|Any CPU.Build.0 = Release|Any CPU
		{1A1AA406-2AC6-4446-B874-94489D7361C0}.Debug|Any CPU.ActiveCfg = Debug|Any CPU
		{1A1AA406-2AC6-4446-B874-94489D7361C0}.Debug|Any CPU.Build.0 = Debug|Any CPU
		{1A1AA406-2AC6-4446-B874-94489D7361C0}.Release|Any CPU.ActiveCfg = Release|Any CPU
		{1A1AA406-2AC6-4446-B874-94489D7361C0}.Release|Any CPU.Build.0 = Release|Any CPU
		{F9F8408E-298A-4FC0-B3C7-ECCE372B929E}.Debug|Any CPU.ActiveCfg = Debug|Any CPU
		{F9F8408E-298A-4FC0-B3C7-ECCE372B929E}.Debug|Any CPU.Build.0 = Debug|Any CPU
		{F9F8408E-298A-4FC0-B3C7-ECCE372B929E}.Release|Any CPU.ActiveCfg = Release|Any CPU
		{F9F8408E-298A-4FC0-B3C7-ECCE372B929E}.Release|Any CPU.Build.0 = Release|Any CPU
		{CE4F8AC2-9C94-4C30-BB24-A54A22D3F2A2}.Debug|Any CPU.ActiveCfg = Debug|Any CPU
		{CE4F8AC2-9C94-4C30-BB24-A54A22D3F2A2}.Debug|Any CPU.Build.0 = Debug|Any CPU
		{CE4F8AC2-9C94-4C30-BB24-A54A22D3F2A2}.Release|Any CPU.ActiveCfg = Release|Any CPU
		{CE4F8AC2-9C94-4C30-BB24-A54A22D3F2A2}.Release|Any CPU.Build.0 = Release|Any CPU
		{35124C88-0A0F-420C-83A1-3DBB2A7E29E6}.Debug|Any CPU.ActiveCfg = Debug|Any CPU
		{35124C88-0A0F-420C-83A1-3DBB2A7E29E6}.Debug|Any CPU.Build.0 = Debug|Any CPU
		{35124C88-0A0F-420C-83A1-3DBB2A7E29E6}.Release|Any CPU.ActiveCfg = Release|Any CPU
		{35124C88-0A0F-420C-83A1-3DBB2A7E29E6}.Release|Any CPU.Build.0 = Release|Any CPU
		{FA7E2DA9-25FF-40BD-B208-12E6F608334E}.Debug|Any CPU.ActiveCfg = Debug|Any CPU
		{FA7E2DA9-25FF-40BD-B208-12E6F608334E}.Debug|Any CPU.Build.0 = Debug|Any CPU
		{FA7E2DA9-25FF-40BD-B208-12E6F608334E}.Release|Any CPU.ActiveCfg = Release|Any CPU
		{FA7E2DA9-25FF-40BD-B208-12E6F608334E}.Release|Any CPU.Build.0 = Release|Any CPU
		{A8A0349E-0CFD-4067-A14B-9FCA62BFFCD1}.Debug|Any CPU.ActiveCfg = Debug|Any CPU
		{A8A0349E-0CFD-4067-A14B-9FCA62BFFCD1}.Debug|Any CPU.Build.0 = Debug|Any CPU
		{A8A0349E-0CFD-4067-A14B-9FCA62BFFCD1}.Release|Any CPU.ActiveCfg = Release|Any CPU
		{A8A0349E-0CFD-4067-A14B-9FCA62BFFCD1}.Release|Any CPU.Build.0 = Release|Any CPU
		{B8015E2E-9553-44B1-9DF8-91C8F7B92011}.Debug|Any CPU.ActiveCfg = Debug|Any CPU
		{B8015E2E-9553-44B1-9DF8-91C8F7B92011}.Debug|Any CPU.Build.0 = Debug|Any CPU
		{B8015E2E-9553-44B1-9DF8-91C8F7B92011}.Release|Any CPU.ActiveCfg = Release|Any CPU
		{B8015E2E-9553-44B1-9DF8-91C8F7B92011}.Release|Any CPU.Build.0 = Release|Any CPU
		{F68D6127-0111-40F1-B1DA-16FF68D46CF8}.Debug|Any CPU.ActiveCfg = Debug|Any CPU
		{F68D6127-0111-40F1-B1DA-16FF68D46CF8}.Debug|Any CPU.Build.0 = Debug|Any CPU
		{F68D6127-0111-40F1-B1DA-16FF68D46CF8}.Release|Any CPU.ActiveCfg = Release|Any CPU
		{F68D6127-0111-40F1-B1DA-16FF68D46CF8}.Release|Any CPU.Build.0 = Release|Any CPU
		{B813E8AC-DB7C-4052-89CE-DB1558712BD6}.Debug|Any CPU.ActiveCfg = Debug|Any CPU
		{B813E8AC-DB7C-4052-89CE-DB1558712BD6}.Debug|Any CPU.Build.0 = Debug|Any CPU
		{B813E8AC-DB7C-4052-89CE-DB1558712BD6}.Release|Any CPU.ActiveCfg = Release|Any CPU
		{B813E8AC-DB7C-4052-89CE-DB1558712BD6}.Release|Any CPU.Build.0 = Release|Any CPU
		{EF0FC722-73CF-4EBB-825D-192A64A2ABE1}.Debug|Any CPU.ActiveCfg = Debug|Any CPU
		{EF0FC722-73CF-4EBB-825D-192A64A2ABE1}.Debug|Any CPU.Build.0 = Debug|Any CPU
		{EF0FC722-73CF-4EBB-825D-192A64A2ABE1}.Release|Any CPU.ActiveCfg = Release|Any CPU
		{EF0FC722-73CF-4EBB-825D-192A64A2ABE1}.Release|Any CPU.Build.0 = Release|Any CPU
		{3A13327C-599B-411D-B223-A21718EB4A32}.Debug|Any CPU.ActiveCfg = Debug|Any CPU
		{3A13327C-599B-411D-B223-A21718EB4A32}.Debug|Any CPU.Build.0 = Debug|Any CPU
		{3A13327C-599B-411D-B223-A21718EB4A32}.Release|Any CPU.ActiveCfg = Release|Any CPU
		{3A13327C-599B-411D-B223-A21718EB4A32}.Release|Any CPU.Build.0 = Release|Any CPU
		{2C7CB3A7-5E06-4533-B018-59C95AE69234}.Debug|Any CPU.ActiveCfg = Debug|Any CPU
		{2C7CB3A7-5E06-4533-B018-59C95AE69234}.Debug|Any CPU.Build.0 = Debug|Any CPU
		{2C7CB3A7-5E06-4533-B018-59C95AE69234}.Release|Any CPU.ActiveCfg = Release|Any CPU
		{2C7CB3A7-5E06-4533-B018-59C95AE69234}.Release|Any CPU.Build.0 = Release|Any CPU
		{A9BB3A6C-C0F9-4840-8EAD-34DAAFC32DA0}.Debug|Any CPU.ActiveCfg = Debug|Any CPU
		{A9BB3A6C-C0F9-4840-8EAD-34DAAFC32DA0}.Debug|Any CPU.Build.0 = Debug|Any CPU
		{A9BB3A6C-C0F9-4840-8EAD-34DAAFC32DA0}.Release|Any CPU.ActiveCfg = Release|Any CPU
		{A9BB3A6C-C0F9-4840-8EAD-34DAAFC32DA0}.Release|Any CPU.Build.0 = Release|Any CPU
		{B49B3481-E46A-4D85-A013-B1B2805FB3AD}.Debug|Any CPU.ActiveCfg = Debug|Any CPU
		{B49B3481-E46A-4D85-A013-B1B2805FB3AD}.Debug|Any CPU.Build.0 = Debug|Any CPU
		{B49B3481-E46A-4D85-A013-B1B2805FB3AD}.Release|Any CPU.ActiveCfg = Release|Any CPU
		{B49B3481-E46A-4D85-A013-B1B2805FB3AD}.Release|Any CPU.Build.0 = Release|Any CPU
		{2DDD9074-7676-4B24-96F3-7FB298820ED9}.Debug|Any CPU.ActiveCfg = Debug|Any CPU
		{2DDD9074-7676-4B24-96F3-7FB298820ED9}.Debug|Any CPU.Build.0 = Debug|Any CPU
		{2DDD9074-7676-4B24-96F3-7FB298820ED9}.Release|Any CPU.ActiveCfg = Release|Any CPU
		{2DDD9074-7676-4B24-96F3-7FB298820ED9}.Release|Any CPU.Build.0 = Release|Any CPU
		{ED540786-56B2-4DBA-928C-CD3BBFC247E7}.Debug|Any CPU.ActiveCfg = Debug|Any CPU
		{ED540786-56B2-4DBA-928C-CD3BBFC247E7}.Debug|Any CPU.Build.0 = Debug|Any CPU
		{ED540786-56B2-4DBA-928C-CD3BBFC247E7}.Release|Any CPU.ActiveCfg = Release|Any CPU
		{ED540786-56B2-4DBA-928C-CD3BBFC247E7}.Release|Any CPU.Build.0 = Release|Any CPU
		{B0176B96-03D6-4197-A725-87E2E50AD7BB}.Debug|Any CPU.ActiveCfg = Debug|Any CPU
		{B0176B96-03D6-4197-A725-87E2E50AD7BB}.Debug|Any CPU.Build.0 = Debug|Any CPU
		{B0176B96-03D6-4197-A725-87E2E50AD7BB}.Release|Any CPU.ActiveCfg = Release|Any CPU
		{B0176B96-03D6-4197-A725-87E2E50AD7BB}.Release|Any CPU.Build.0 = Release|Any CPU
		{4F037DDA-816F-471C-9824-B93AAAE9433C}.Debug|Any CPU.ActiveCfg = Debug|Any CPU
		{4F037DDA-816F-471C-9824-B93AAAE9433C}.Debug|Any CPU.Build.0 = Debug|Any CPU
		{4F037DDA-816F-471C-9824-B93AAAE9433C}.Release|Any CPU.ActiveCfg = Release|Any CPU
		{4F037DDA-816F-471C-9824-B93AAAE9433C}.Release|Any CPU.Build.0 = Release|Any CPU
	EndGlobalSection
	GlobalSection(SolutionProperties) = preSolution
		HideSolutionNode = FALSE
	EndGlobalSection
	GlobalSection(NestedProjects) = preSolution
		{39E0B146-B15A-4905-86A4-A2CE3B22D63F} = {8658B3D7-E42D-45D9-84B7-3E269D7F02B6}
		{FE6AB7B3-B45D-4EEF-98D4-D2A45C111FE3} = {9CF99E18-24E7-4F7C-A16F-32D38995EEE8}
		{1A1AA406-2AC6-4446-B874-94489D7361C0} = {DC9BAF0D-C92E-4E3A-8A22-DE4E4A06AFB9}
		{F9F8408E-298A-4FC0-B3C7-ECCE372B929E} = {72603C48-C9E9-4F80-9DAC-020C78F23A87}
		{CE4F8AC2-9C94-4C30-BB24-A54A22D3F2A2} = {8D103DB3-4482-45B9-9C47-318059CD7634}
		{35124C88-0A0F-420C-83A1-3DBB2A7E29E6} = {6A4F4C1B-070B-477C-9F2C-4BC6C1DA5C22}
		{FA7E2DA9-25FF-40BD-B208-12E6F608334E} = {580EFA7F-5514-4CD1-AD42-C4E22D5B5BCD}
		{A8A0349E-0CFD-4067-A14B-9FCA62BFFCD1} = {79198FE4-16BB-4DF9-B09A-BA3A26101283}
		{B8015E2E-9553-44B1-9DF8-91C8F7B92011} = {3539848E-5141-493A-AFDC-212A25DC702F}
		{F68D6127-0111-40F1-B1DA-16FF68D46CF8} = {1D3B8DC8-A4B3-4AF7-B92B-3D9DAF97C821}
		{B813E8AC-DB7C-4052-89CE-DB1558712BD6} = {8D08043C-FCF9-450E-B265-F47C02DFF03A}
		{EF0FC722-73CF-4EBB-825D-192A64A2ABE1} = {813A6DE4-06B9-4B5A-8591-F555A5CB86DB}
		{3A13327C-599B-411D-B223-A21718EB4A32} = {69D0E0BC-29CF-490D-B80E-D613BF85C983}
		{2C7CB3A7-5E06-4533-B018-59C95AE69234} = {95D74D67-DFAF-491B-A827-3194DBC9E168}
		{A9BB3A6C-C0F9-4840-8EAD-34DAAFC32DA0} = {E45D5739-608D-41C3-98EA-034C6B826A97}
		{B49B3481-E46A-4D85-A013-B1B2805FB3AD} = {606D3545-462F-4FC8-B49A-545408E98D2A}
		{2DDD9074-7676-4B24-96F3-7FB298820ED9} = {401667FE-18A3-4D1A-8EA6-53ACD1F7C417}
		{ED540786-56B2-4DBA-928C-CD3BBFC247E7} = {94EBB520-C53C-46A4-A6FE-66E3FF2197AF}
		{B0176B96-03D6-4197-A725-87E2E50AD7BB} = {D1260886-6E12-4FE2-A368-06BFC78C5002}
		{4F037DDA-816F-471C-9824-B93AAAE9433C} = {A928FBCC-CD0C-4F78-AD74-CD22D46446AF}
	EndGlobalSection
	GlobalSection(ExtensibilityGlobals) = postSolution
		SolutionGuid = {E8D03A14-022A-48C4-8D0B-6653AACA1C75}
	EndGlobalSection
EndGlobal
