
Microsoft Visual Studio Solution File, Format Version 12.00
# Visual Studio Version 16
VisualStudioVersion = 16.0.30523.141
MinimumVisualStudioVersion = 10.0.40219.1
Project("{9A19103F-16F7-4668-BE54-9A1E7A4F7556}") = "TriangleArea", "TriangleArea\TriangleArea.csproj", "{F30372E4-FA06-49D5-B3FC-1E492EA0F477}"
EndProject
Project("{9A19103F-16F7-4668-BE54-9A1E7A4F7556}") = "PowerOfNumber", "PowerOfNumber\PowerOfNumber.csproj", "{4188741C-891F-481B-8D99-7778864075BC}"
EndProject
Project("{9A19103F-16F7-4668-BE54-9A1E7A4F7556}") = "BiggerOf2", "BiggerOf2\BiggerOf2.csproj", "{DF80D2F9-53DB-42F5-BD33-DCCAA3280A89}"
EndProject
Project("{9A19103F-16F7-4668-BE54-9A1E7A4F7556}") = "MultiplyingEvenAndOdd", "MultiplyingEvenAndOdd\MultiplyingEvenAndOdd.csproj", "{9B603A1B-BB18-44C8-B9FC-700486568D47}"
EndProject
Global
	GlobalSection(SolutionConfigurationPlatforms) = preSolution
		Debug|Any CPU = Debug|Any CPU
		Release|Any CPU = Release|Any CPU
	EndGlobalSection
	GlobalSection(ProjectConfigurationPlatforms) = postSolution
		{F30372E4-FA06-49D5-B3FC-1E492EA0F477}.Debug|Any CPU.ActiveCfg = Debug|Any CPU
		{F30372E4-FA06-49D5-B3FC-1E492EA0F477}.Debug|Any CPU.Build.0 = Debug|Any CPU
		{F30372E4-FA06-49D5-B3FC-1E492EA0F477}.Release|Any CPU.ActiveCfg = Release|Any CPU
		{F30372E4-FA06-49D5-B3FC-1E492EA0F477}.Release|Any CPU.Build.0 = Release|Any CPU
		{4188741C-891F-481B-8D99-7778864075BC}.Debug|Any CPU.ActiveCfg = Debug|Any CPU
		{4188741C-891F-481B-8D99-7778864075BC}.Debug|Any CPU.Build.0 = Debug|Any CPU
		{4188741C-891F-481B-8D99-7778864075BC}.Release|Any CPU.ActiveCfg = Release|Any CPU
		{4188741C-891F-481B-8D99-7778864075BC}.Release|Any CPU.Build.0 = Release|Any CPU
		{DF80D2F9-53DB-42F5-BD33-DCCAA3280A89}.Debug|Any CPU.ActiveCfg = Debug|Any CPU
		{DF80D2F9-53DB-42F5-BD33-DCCAA3280A89}.Debug|Any CPU.Build.0 = Debug|Any CPU
		{DF80D2F9-53DB-42F5-BD33-DCCAA3280A89}.Release|Any CPU.ActiveCfg = Release|Any CPU
		{DF80D2F9-53DB-42F5-BD33-DCCAA3280A89}.Release|Any CPU.Build.0 = Release|Any CPU
		{9B603A1B-BB18-44C8-B9FC-700486568D47}.Debug|Any CPU.ActiveCfg = Debug|Any CPU
		{9B603A1B-BB18-44C8-B9FC-700486568D47}.Debug|Any CPU.Build.0 = Debug|Any CPU
		{9B603A1B-BB18-44C8-B9FC-700486568D47}.Release|Any CPU.ActiveCfg = Release|Any CPU
		{9B603A1B-BB18-44C8-B9FC-700486568D47}.Release|Any CPU.Build.0 = Release|Any CPU
	EndGlobalSection
	GlobalSection(SolutionProperties) = preSolution
		HideSolutionNode = FALSE
	EndGlobalSection
	GlobalSection(ExtensibilityGlobals) = postSolution
		SolutionGuid = {F9D2D315-341B-4B20-801D-BBB5D5BF3198}
	EndGlobalSection
EndGlobal
